
Microsoft Visual Studio Solution File, Format Version 12.00
# Visual Studio Version 16
VisualStudioVersion = 16.0.30320.27
MinimumVisualStudioVersion = 10.0.40219.1
Project("{FAE04EC0-301F-11D3-BF4B-00C04F79EFBC}") = "Facturación de proyectos y productos", "Facturación de proyectos y productos\Facturación de proyectos y productos.csproj", "{F4412ABA-A945-40E7-B7E9-E5C84D2EF812}"
EndProject
Global
	GlobalSection(SolutionConfigurationPlatforms) = preSolution
		Debug|Any CPU = Debug|Any CPU
		Release|Any CPU = Release|Any CPU
	EndGlobalSection
	GlobalSection(ProjectConfigurationPlatforms) = postSolution
		{F4412ABA-A945-40E7-B7E9-E5C84D2EF812}.Debug|Any CPU.ActiveCfg = Debug|Any CPU
		{F4412ABA-A945-40E7-B7E9-E5C84D2EF812}.Debug|Any CPU.Build.0 = Debug|Any CPU
		{F4412ABA-A945-40E7-B7E9-E5C84D2EF812}.Release|Any CPU.ActiveCfg = Release|Any CPU
		{F4412ABA-A945-40E7-B7E9-E5C84D2EF812}.Release|Any CPU.Build.0 = Release|Any CPU
	EndGlobalSection
	GlobalSection(SolutionProperties) = preSolution
		HideSolutionNode = FALSE
	EndGlobalSection
	GlobalSection(ExtensibilityGlobals) = postSolution
		SolutionGuid = {7DDDD9A9-4C0E-464A-81C9-197AA438C7CA}
	EndGlobalSection
EndGlobal
